
Microsoft Visual Studio Solution File, Format Version 12.00
# Visual Studio 15
VisualStudioVersion = 15.0.27130.2024
MinimumVisualStudioVersion = 10.0.40219.1
Project("{2150E333-8FDC-42A3-9474-1A3956D46DE8}") = "Src", "Src", "{0023D143-9A0A-43A7-9CF1-E1805DA10449}"
EndProject
Project("{2150E333-8FDC-42A3-9474-1A3956D46DE8}") = "Tests", "Tests", "{F9CF3E21-3613-4EFC-806E-ADD0221AD711}"
	ProjectSection(SolutionItems) = preProject
		CodeCoverage.runsettings = CodeCoverage.runsettings
	EndProjectSection
EndProject
Project("{2150E333-8FDC-42A3-9474-1A3956D46DE8}") = "Core", "Core", "{2E146340-71FC-44D8-A35B-45641464EC35}"
EndProject
Project("{2150E333-8FDC-42A3-9474-1A3956D46DE8}") = "Infrastructure", "Infrastructure", "{833608AF-BD76-4CC6-80AC-9CB7D62610D6}"
EndProject
Project("{2150E333-8FDC-42A3-9474-1A3956D46DE8}") = "Presentation", "Presentation", "{22D3EC51-1CBB-4C9C-B9C9-B4AB8BCD91F1}"
EndProject
Project("{9A19103F-16F7-4668-BE54-9A1E7A4F7556}") = "FlightInfo.Domain", "FlightInfo.Domain\FlightInfo.Domain.csproj", "{F69B73F9-8311-4115-A7F0-8B87B922B79E}"
EndProject
Project("{9A19103F-16F7-4668-BE54-9A1E7A4F7556}") = "FlightInfo.Application", "FlightInfo.Application\FlightInfo.Application.csproj", "{29179FF3-4878-4FF6-9F4F-DD50F408752A}"
EndProject
Project("{9A19103F-16F7-4668-BE54-9A1E7A4F7556}") = "FlightInfo.Test", "FlightInfo.Test\FlightInfo.Test.csproj", "{58E2301F-DF38-42BC-ACC1-01DC487AF12C}"
EndProject
Project("{9A19103F-16F7-4668-BE54-9A1E7A4F7556}") = "FlightInfo.WebApi", "FlightInfo.WebApi\FlightInfo.WebApi.csproj", "{F77568F0-06B1-4B83-8DF3-D04CA08F7CED}"
EndProject
Project("{9A19103F-16F7-4668-BE54-9A1E7A4F7556}") = "FlightInfo.Persistence", "FlightInfo.Persistence\FlightInfo.Persistence.csproj", "{A6029118-7DDD-4A51-BFA4-6EB5F8BFE8F9}"
EndProject
Project("{9A19103F-16F7-4668-BE54-9A1E7A4F7556}") = "FlightInfo.WebUI", "FlightInfo.WebUI\FlightInfo.WebUI.csproj", "{549B1BEE-09CD-4C01-944B-2ED0E2438B2B}"
EndProject
Project("{2150E333-8FDC-42A3-9474-1A3956D46DE8}") = "Reporting", "Reporting", "{E8E9CAFD-DBE9-4E7C-AB3C-0434C5BCAE1F}"
EndProject
Project("{9A19103F-16F7-4668-BE54-9A1E7A4F7556}") = "FlightInfo.Reporting", "FlightInfo.Reporting\FlightInfo.Reporting.csproj", "{05F37640-AE6A-41FD-85EE-55DDEC00C675}"
EndProject
Project("{2150E333-8FDC-42A3-9474-1A3956D46DE8}") = "Docs", "Docs", "{95D64EAB-CF30-4757-B1EB-ACEB24FD7678}"
	ProjectSection(SolutionItems) = preProject
		ReadMe.md = ReadMe.md
	EndProjectSection
EndProject
Project("{FAE04EC0-301F-11D3-BF4B-00C04F79EFBC}") = "MigrationApp", "MigrationApp\MigrationApp.csproj", "{442AD394-7D00-4764-83C1-362DC4AAC001}"
EndProject
Global
	GlobalSection(SolutionConfigurationPlatforms) = preSolution
		Debug|Any CPU = Debug|Any CPU
		Release|Any CPU = Release|Any CPU
	EndGlobalSection
	GlobalSection(ProjectConfigurationPlatforms) = postSolution
		{F69B73F9-8311-4115-A7F0-8B87B922B79E}.Debug|Any CPU.ActiveCfg = Debug|Any CPU
		{F69B73F9-8311-4115-A7F0-8B87B922B79E}.Debug|Any CPU.Build.0 = Debug|Any CPU
		{F69B73F9-8311-4115-A7F0-8B87B922B79E}.Release|Any CPU.ActiveCfg = Release|Any CPU
		{F69B73F9-8311-4115-A7F0-8B87B922B79E}.Release|Any CPU.Build.0 = Release|Any CPU
		{29179FF3-4878-4FF6-9F4F-DD50F408752A}.Debug|Any CPU.ActiveCfg = Debug|Any CPU
		{29179FF3-4878-4FF6-9F4F-DD50F408752A}.Debug|Any CPU.Build.0 = Debug|Any CPU
		{29179FF3-4878-4FF6-9F4F-DD50F408752A}.Release|Any CPU.ActiveCfg = Release|Any CPU
		{29179FF3-4878-4FF6-9F4F-DD50F408752A}.Release|Any CPU.Build.0 = Release|Any CPU
		{58E2301F-DF38-42BC-ACC1-01DC487AF12C}.Debug|Any CPU.ActiveCfg = Debug|Any CPU
		{58E2301F-DF38-42BC-ACC1-01DC487AF12C}.Debug|Any CPU.Build.0 = Debug|Any CPU
		{58E2301F-DF38-42BC-ACC1-01DC487AF12C}.Release|Any CPU.ActiveCfg = Release|Any CPU
		{58E2301F-DF38-42BC-ACC1-01DC487AF12C}.Release|Any CPU.Build.0 = Release|Any CPU
		{F77568F0-06B1-4B83-8DF3-D04CA08F7CED}.Debug|Any CPU.ActiveCfg = Debug|Any CPU
		{F77568F0-06B1-4B83-8DF3-D04CA08F7CED}.Debug|Any CPU.Build.0 = Debug|Any CPU
		{F77568F0-06B1-4B83-8DF3-D04CA08F7CED}.Release|Any CPU.ActiveCfg = Release|Any CPU
		{F77568F0-06B1-4B83-8DF3-D04CA08F7CED}.Release|Any CPU.Build.0 = Release|Any CPU
		{A6029118-7DDD-4A51-BFA4-6EB5F8BFE8F9}.Debug|Any CPU.ActiveCfg = Debug|Any CPU
		{A6029118-7DDD-4A51-BFA4-6EB5F8BFE8F9}.Debug|Any CPU.Build.0 = Debug|Any CPU
		{A6029118-7DDD-4A51-BFA4-6EB5F8BFE8F9}.Release|Any CPU.ActiveCfg = Release|Any CPU
		{A6029118-7DDD-4A51-BFA4-6EB5F8BFE8F9}.Release|Any CPU.Build.0 = Release|Any CPU
		{549B1BEE-09CD-4C01-944B-2ED0E2438B2B}.Debug|Any CPU.ActiveCfg = Debug|Any CPU
		{549B1BEE-09CD-4C01-944B-2ED0E2438B2B}.Debug|Any CPU.Build.0 = Debug|Any CPU
		{549B1BEE-09CD-4C01-944B-2ED0E2438B2B}.Release|Any CPU.ActiveCfg = Release|Any CPU
		{549B1BEE-09CD-4C01-944B-2ED0E2438B2B}.Release|Any CPU.Build.0 = Release|Any CPU
		{05F37640-AE6A-41FD-85EE-55DDEC00C675}.Debug|Any CPU.ActiveCfg = Debug|Any CPU
		{05F37640-AE6A-41FD-85EE-55DDEC00C675}.Debug|Any CPU.Build.0 = Debug|Any CPU
		{05F37640-AE6A-41FD-85EE-55DDEC00C675}.Release|Any CPU.ActiveCfg = Release|Any CPU
		{05F37640-AE6A-41FD-85EE-55DDEC00C675}.Release|Any CPU.Build.0 = Release|Any CPU
		{442AD394-7D00-4764-83C1-362DC4AAC001}.Debug|Any CPU.ActiveCfg = Debug|Any CPU
		{442AD394-7D00-4764-83C1-362DC4AAC001}.Debug|Any CPU.Build.0 = Debug|Any CPU
		{442AD394-7D00-4764-83C1-362DC4AAC001}.Release|Any CPU.ActiveCfg = Release|Any CPU
		{442AD394-7D00-4764-83C1-362DC4AAC001}.Release|Any CPU.Build.0 = Release|Any CPU
	EndGlobalSection
	GlobalSection(SolutionProperties) = preSolution
		HideSolutionNode = FALSE
	EndGlobalSection
	GlobalSection(NestedProjects) = preSolution
		{2E146340-71FC-44D8-A35B-45641464EC35} = {0023D143-9A0A-43A7-9CF1-E1805DA10449}
		{833608AF-BD76-4CC6-80AC-9CB7D62610D6} = {0023D143-9A0A-43A7-9CF1-E1805DA10449}
		{22D3EC51-1CBB-4C9C-B9C9-B4AB8BCD91F1} = {0023D143-9A0A-43A7-9CF1-E1805DA10449}
		{F69B73F9-8311-4115-A7F0-8B87B922B79E} = {2E146340-71FC-44D8-A35B-45641464EC35}
		{29179FF3-4878-4FF6-9F4F-DD50F408752A} = {2E146340-71FC-44D8-A35B-45641464EC35}
		{58E2301F-DF38-42BC-ACC1-01DC487AF12C} = {F9CF3E21-3613-4EFC-806E-ADD0221AD711}
		{F77568F0-06B1-4B83-8DF3-D04CA08F7CED} = {2E146340-71FC-44D8-A35B-45641464EC35}
		{A6029118-7DDD-4A51-BFA4-6EB5F8BFE8F9} = {833608AF-BD76-4CC6-80AC-9CB7D62610D6}
		{549B1BEE-09CD-4C01-944B-2ED0E2438B2B} = {22D3EC51-1CBB-4C9C-B9C9-B4AB8BCD91F1}
		{E8E9CAFD-DBE9-4E7C-AB3C-0434C5BCAE1F} = {0023D143-9A0A-43A7-9CF1-E1805DA10449}
		{05F37640-AE6A-41FD-85EE-55DDEC00C675} = {E8E9CAFD-DBE9-4E7C-AB3C-0434C5BCAE1F}
		{442AD394-7D00-4764-83C1-362DC4AAC001} = {2E146340-71FC-44D8-A35B-45641464EC35}
	EndGlobalSection
	GlobalSection(ExtensibilityGlobals) = postSolution
		SolutionGuid = {19118724-7F3E-442D-8207-1FF026A77689}
	EndGlobalSection
EndGlobal
